// !$*UTF8*$!
{
	archiveVersion = 1;
	classes = {
	};
	objectVersion = 46;
	objects = {

/* Begin PBXBuildFile section */
		AACB796219D35A7F00B59ABF /* Foundation.framework in Frameworks */ = {isa = PBXBuildFile; fileRef = AACB796119D35A7F00B59ABF /* Foundation.framework */; };
		AACB796419D35A7F00B59ABF /* CoreGraphics.framework in Frameworks */ = {isa = PBXBuildFile; fileRef = AACB796319D35A7F00B59ABF /* CoreGraphics.framework */; };
		AACB796619D35A7F00B59ABF /* UIKit.framework in Frameworks */ = {isa = PBXBuildFile; fileRef = AACB796519D35A7F00B59ABF /* UIKit.framework */; };
		AACB796C19D35A7F00B59ABF /* InfoPlist.strings in Resources */ = {isa = PBXBuildFile; fileRef = AACB796A19D35A7F00B59ABF /* InfoPlist.strings */; };
		AACB796E19D35A7F00B59ABF /* main.m in Sources */ = {isa = PBXBuildFile; fileRef = AACB796D19D35A7F00B59ABF /* main.m */; };
		AACB797219D35A7F00B59ABF /* AppDelegate.m in Sources */ = {isa = PBXBuildFile; fileRef = AACB797119D35A7F00B59ABF /* AppDelegate.m */; };
		AACB797519D35A7F00B59ABF /* Main.storyboard in Resources */ = {isa = PBXBuildFile; fileRef = AACB797319D35A7F00B59ABF /* Main.storyboard */; };
		AACB797819D35A7F00B59ABF /* ViewController.m in Sources */ = {isa = PBXBuildFile; fileRef = AACB797719D35A7F00B59ABF /* ViewController.m */; };
		AACB797A19D35A7F00B59ABF /* Images.xcassets in Resources */ = {isa = PBXBuildFile; fileRef = AACB797919D35A7F00B59ABF /* Images.xcassets */; };
		AACB798119D35A7F00B59ABF /* XCTest.framework in Frameworks */ = {isa = PBXBuildFile; fileRef = AACB798019D35A7F00B59ABF /* XCTest.framework */; };
		AACB798219D35A7F00B59ABF /* Foundation.framework in Frameworks */ = {isa = PBXBuildFile; fileRef = AACB796119D35A7F00B59ABF /* Foundation.framework */; };
		AACB798319D35A7F00B59ABF /* UIKit.framework in Frameworks */ = {isa = PBXBuildFile; fileRef = AACB796519D35A7F00B59ABF /* UIKit.framework */; };
		AACB798B19D35A7F00B59ABF /* InfoPlist.strings in Resources */ = {isa = PBXBuildFile; fileRef = AACB798919D35A7F00B59ABF /* InfoPlist.strings */; };
		AACB798D19D35A7F00B59ABF /* Week_4___UI___Terry_VersionTests.m in Sources */ = {isa = PBXBuildFile; fileRef = AACB798C19D35A7F00B59ABF /* Week_4___UI___Terry_VersionTests.m */; };
		AACB799819D3892F00B59ABF /* bulbasaur.png in Resources */ = {isa = PBXBuildFile; fileRef = AACB799619D3892F00B59ABF /* bulbasaur.png */; };
		AACB799919D3892F00B59ABF /* pikachu.png in Resources */ = {isa = PBXBuildFile; fileRef = AACB799719D3892F00B59ABF /* pikachu.png */; };
		AACB799B19D38D9E00B59ABF /* jamba.jpeg in Resources */ = {isa = PBXBuildFile; fileRef = AACB799A19D38D9E00B59ABF /* jamba.jpeg */; };
/* End PBXBuildFile section */

/* Begin PBXContainerItemProxy section */
		AACB798419D35A7F00B59ABF /* PBXContainerItemProxy */ = {
			isa = PBXContainerItemProxy;
			containerPortal = AACB795619D35A7F00B59ABF /* Project object */;
			proxyType = 1;
			remoteGlobalIDString = AACB795D19D35A7F00B59ABF;
			remoteInfo = "Week 4 - UI - Terry Version";
		};
/* End PBXContainerItemProxy section */

/* Begin PBXFileReference section */
		AACB795E19D35A7F00B59ABF /* Week 4 - UI - Terry Version.app */ = {isa = PBXFileReference; explicitFileType = wrapper.application; includeInIndex = 0; path = "Week 4 - UI - Terry Version.app"; sourceTree = BUILT_PRODUCTS_DIR; };
		AACB796119D35A7F00B59ABF /* Foundation.framework */ = {isa = PBXFileReference; lastKnownFileType = wrapper.framework; name = Foundation.framework; path = System/Library/Frameworks/Foundation.framework; sourceTree = SDKROOT; };
		AACB796319D35A7F00B59ABF /* CoreGraphics.framework */ = {isa = PBXFileReference; lastKnownFileType = wrapper.framework; name = CoreGraphics.framework; path = System/Library/Frameworks/CoreGraphics.framework; sourceTree = SDKROOT; };
		AACB796519D35A7F00B59ABF /* UIKit.framework */ = {isa = PBXFileReference; lastKnownFileType = wrapper.framework; name = UIKit.framework; path = System/Library/Frameworks/UIKit.framework; sourceTree = SDKROOT; };
		AACB796919D35A7F00B59ABF /* Week 4 - UI - Terry Version-Info.plist */ = {isa = PBXFileReference; lastKnownFileType = text.plist.xml; path = "Week 4 - UI - Terry Version-Info.plist"; sourceTree = "<group>"; };
		AACB796B19D35A7F00B59ABF /* en */ = {isa = PBXFileReference; lastKnownFileType = text.plist.strings; name = en; path = en.lproj/InfoPlist.strings; sourceTree = "<group>"; };
		AACB796D19D35A7F00B59ABF /* main.m */ = {isa = PBXFileReference; lastKnownFileType = sourcecode.c.objc; path = main.m; sourceTree = "<group>"; };
		AACB796F19D35A7F00B59ABF /* Week 4 - UI - Terry Version-Prefix.pch */ = {isa = PBXFileReference; lastKnownFileType = sourcecode.c.h; path = "Week 4 - UI - Terry Version-Prefix.pch"; sourceTree = "<group>"; };
		AACB797019D35A7F00B59ABF /* AppDelegate.h */ = {isa = PBXFileReference; lastKnownFileType = sourcecode.c.h; path = AppDelegate.h; sourceTree = "<group>"; };
		AACB797119D35A7F00B59ABF /* AppDelegate.m */ = {isa = PBXFileReference; lastKnownFileType = sourcecode.c.objc; path = AppDelegate.m; sourceTree = "<group>"; };
		AACB797419D35A7F00B59ABF /* Base */ = {isa = PBXFileReference; lastKnownFileType = file.storyboard; name = Base; path = Base.lproj/Main.storyboard; sourceTree = "<group>"; };
		AACB797619D35A7F00B59ABF /* ViewController.h */ = {isa = PBXFileReference; lastKnownFileType = sourcecode.c.h; path = ViewController.h; sourceTree = "<group>"; };
		AACB797719D35A7F00B59ABF /* ViewController.m */ = {isa = PBXFileReference; lastKnownFileType = sourcecode.c.objc; path = ViewController.m; sourceTree = "<group>"; };
		AACB797919D35A7F00B59ABF /* Images.xcassets */ = {isa = PBXFileReference; lastKnownFileType = folder.assetcatalog; path = Images.xcassets; sourceTree = "<group>"; };
		AACB797F19D35A7F00B59ABF /* Week 4 - UI - Terry VersionTests.xctest */ = {isa = PBXFileReference; explicitFileType = wrapper.cfbundle; includeInIndex = 0; path = "Week 4 - UI - Terry VersionTests.xctest"; sourceTree = BUILT_PRODUCTS_DIR; };
		AACB798019D35A7F00B59ABF /* XCTest.framework */ = {isa = PBXFileReference; lastKnownFileType = wrapper.framework; name = XCTest.framework; path = Library/Frameworks/XCTest.framework; sourceTree = DEVELOPER_DIR; };
		AACB798819D35A7F00B59ABF /* Week 4 - UI - Terry VersionTests-Info.plist */ = {isa = PBXFileReference; lastKnownFileType = text.plist.xml; path = "Week 4 - UI - Terry VersionTests-Info.plist"; sourceTree = "<group>"; };
		AACB798A19D35A7F00B59ABF /* en */ = {isa = PBXFileReference; lastKnownFileType = text.plist.strings; name = en; path = en.lproj/InfoPlist.strings; sourceTree = "<group>"; };
		AACB798C19D35A7F00B59ABF /* Week_4___UI___Terry_VersionTests.m */ = {isa = PBXFileReference; lastKnownFileType = sourcecode.c.objc; path = "Week_4___UI___Terry_VersionTests.m"; sourceTree = "<group>"; };
		AACB799619D3892F00B59ABF /* bulbasaur.png */ = {isa = PBXFileReference; lastKnownFileType = image.png; path = bulbasaur.png; sourceTree = "<group>"; };
		AACB799719D3892F00B59ABF /* pikachu.png */ = {isa = PBXFileReference; lastKnownFileType = image.png; path = pikachu.png; sourceTree = "<group>"; };
		AACB799A19D38D9E00B59ABF /* jamba.jpeg */ = {isa = PBXFileReference; lastKnownFileType = image.jpeg; path = jamba.jpeg; sourceTree = "<group>"; };
/* End PBXFileReference section */

/* Begin PBXFrameworksBuildPhase section */
		AACB795B19D35A7F00B59ABF /* Frameworks */ = {
			isa = PBXFrameworksBuildPhase;
			buildActionMask = 2147483647;
			files = (
				AACB796419D35A7F00B59ABF /* CoreGraphics.framework in Frameworks */,
				AACB796619D35A7F00B59ABF /* UIKit.framework in Frameworks */,
				AACB796219D35A7F00B59ABF /* Foundation.framework in Frameworks */,
			);
			runOnlyForDeploymentPostprocessing = 0;
		};
		AACB797C19D35A7F00B59ABF /* Frameworks */ = {
			isa = PBXFrameworksBuildPhase;
			buildActionMask = 2147483647;
			files = (
				AACB798119D35A7F00B59ABF /* XCTest.framework in Frameworks */,
				AACB798319D35A7F00B59ABF /* UIKit.framework in Frameworks */,
				AACB798219D35A7F00B59ABF /* Foundation.framework in Frameworks */,
			);
			runOnlyForDeploymentPostprocessing = 0;
		};
/* End PBXFrameworksBuildPhase section */

/* Begin PBXGroup section */
		AACB795519D35A7F00B59ABF = {
			isa = PBXGroup;
			children = (
				AACB796719D35A7F00B59ABF /* Week 4 - UI - Terry Version */,
				AACB798619D35A7F00B59ABF /* Week 4 - UI - Terry VersionTests */,
				AACB796019D35A7F00B59ABF /* Frameworks */,
				AACB795F19D35A7F00B59ABF /* Products */,
			);
			sourceTree = "<group>";
		};
		AACB795F19D35A7F00B59ABF /* Products */ = {
			isa = PBXGroup;
			children = (
				AACB795E19D35A7F00B59ABF /* Week 4 - UI - Terry Version.app */,
				AACB797F19D35A7F00B59ABF /* Week 4 - UI - Terry VersionTests.xctest */,
			);
			name = Products;
			sourceTree = "<group>";
		};
		AACB796019D35A7F00B59ABF /* Frameworks */ = {
			isa = PBXGroup;
			children = (
				AACB796119D35A7F00B59ABF /* Foundation.framework */,
				AACB796319D35A7F00B59ABF /* CoreGraphics.framework */,
				AACB796519D35A7F00B59ABF /* UIKit.framework */,
				AACB798019D35A7F00B59ABF /* XCTest.framework */,
			);
			name = Frameworks;
			sourceTree = "<group>";
		};
		AACB796719D35A7F00B59ABF /* Week 4 - UI - Terry Version */ = {
			isa = PBXGroup;
			children = (
				AACB797019D35A7F00B59ABF /* AppDelegate.h */,
				AACB797119D35A7F00B59ABF /* AppDelegate.m */,
				AACB797319D35A7F00B59ABF /* Main.storyboard */,
				AACB797619D35A7F00B59ABF /* ViewController.h */,
				AACB797719D35A7F00B59ABF /* ViewController.m */,
				AACB799A19D38D9E00B59ABF /* jamba.jpeg */,
				AACB799619D3892F00B59ABF /* bulbasaur.png */,
				AACB799719D3892F00B59ABF /* pikachu.png */,
				AACB797919D35A7F00B59ABF /* Images.xcassets */,
				AACB796819D35A7F00B59ABF /* Supporting Files */,
			);
			path = "Week 4 - UI - Terry Version";
			sourceTree = "<group>";
		};
		AACB796819D35A7F00B59ABF /* Supporting Files */ = {
			isa = PBXGroup;
			children = (
				AACB796919D35A7F00B59ABF /* Week 4 - UI - Terry Version-Info.plist */,
				AACB796A19D35A7F00B59ABF /* InfoPlist.strings */,
				AACB796D19D35A7F00B59ABF /* main.m */,
				AACB796F19D35A7F00B59ABF /* Week 4 - UI - Terry Version-Prefix.pch */,
			);
			name = "Supporting Files";
			sourceTree = "<group>";
		};
		AACB798619D35A7F00B59ABF /* Week 4 - UI - Terry VersionTests */ = {
			isa = PBXGroup;
			children = (
				AACB798C19D35A7F00B59ABF /* Week_4___UI___Terry_VersionTests.m */,
				AACB798719D35A7F00B59ABF /* Supporting Files */,
			);
			path = "Week 4 - UI - Terry VersionTests";
			sourceTree = "<group>";
		};
		AACB798719D35A7F00B59ABF /* Supporting Files */ = {
			isa = PBXGroup;
			children = (
				AACB798819D35A7F00B59ABF /* Week 4 - UI - Terry VersionTests-Info.plist */,
				AACB798919D35A7F00B59ABF /* InfoPlist.strings */,
			);
			name = "Supporting Files";
			sourceTree = "<group>";
		};
/* End PBXGroup section */

/* Begin PBXNativeTarget section */
		AACB795D19D35A7F00B59ABF /* Week 4 - UI - Terry Version */ = {
			isa = PBXNativeTarget;
			buildConfigurationList = AACB799019D35A7F00B59ABF /* Build configuration list for PBXNativeTarget "Week 4 - UI - Terry Version" */;
			buildPhases = (
				AACB795A19D35A7F00B59ABF /* Sources */,
				AACB795B19D35A7F00B59ABF /* Frameworks */,
				AACB795C19D35A7F00B59ABF /* Resources */,
			);
			buildRules = (
			);
			dependencies = (
			);
			name = "Week 4 - UI - Terry Version";
			productName = "Week 4 - UI - Terry Version";
			productReference = AACB795E19D35A7F00B59ABF /* Week 4 - UI - Terry Version.app */;
			productType = "com.apple.product-type.application";
		};
		AACB797E19D35A7F00B59ABF /* Week 4 - UI - Terry VersionTests */ = {
			isa = PBXNativeTarget;
			buildConfigurationList = AACB799319D35A7F00B59ABF /* Build configuration list for PBXNativeTarget "Week 4 - UI - Terry VersionTests" */;
			buildPhases = (
				AACB797B19D35A7F00B59ABF /* Sources */,
				AACB797C19D35A7F00B59ABF /* Frameworks */,
				AACB797D19D35A7F00B59ABF /* Resources */,
			);
			buildRules = (
			);
			dependencies = (
				AACB798519D35A7F00B59ABF /* PBXTargetDependency */,
			);
			name = "Week 4 - UI - Terry VersionTests";
			productName = "Week 4 - UI - Terry VersionTests";
			productReference = AACB797F19D35A7F00B59ABF /* Week 4 - UI - Terry VersionTests.xctest */;
			productType = "com.apple.product-type.bundle.unit-test";
		};
/* End PBXNativeTarget section */

/* Begin PBXProject section */
		AACB795619D35A7F00B59ABF /* Project object */ = {
			isa = PBXProject;
			attributes = {
				LastUpgradeCheck = 0500;
				ORGANIZATIONNAME = NM;
				TargetAttributes = {
					AACB797E19D35A7F00B59ABF = {
						TestTargetID = AACB795D19D35A7F00B59ABF;
					};
				};
			};
			buildConfigurationList = AACB795919D35A7F00B59ABF /* Build configuration list for PBXProject "Week 4 - UI - Terry Version" */;
			compatibilityVersion = "Xcode 3.2";
			developmentRegion = English;
			hasScannedForEncodings = 0;
			knownRegions = (
				en,
				Base,
			);
			mainGroup = AACB795519D35A7F00B59ABF;
			productRefGroup = AACB795F19D35A7F00B59ABF /* Products */;
			projectDirPath = "";
			projectRoot = "";
			targets = (
				AACB795D19D35A7F00B59ABF /* Week 4 - UI - Terry Version */,
				AACB797E19D35A7F00B59ABF /* Week 4 - UI - Terry VersionTests */,
			);
		};
/* End PBXProject section */

/* Begin PBXResourcesBuildPhase section */
		AACB795C19D35A7F00B59ABF /* Resources */ = {
			isa = PBXResourcesBuildPhase;
			buildActionMask = 2147483647;
			files = (
				AACB797A19D35A7F00B59ABF /* Images.xcassets in Resources */,
				AACB799B19D38D9E00B59ABF /* jamba.jpeg in Resources */,
				AACB799819D3892F00B59ABF /* bulbasaur.png in Resources */,
				AACB796C19D35A7F00B59ABF /* InfoPlist.strings in Resources */,
				AACB797519D35A7F00B59ABF /* Main.storyboard in Resources */,
				AACB799919D3892F00B59ABF /* pikachu.png in Resources */,
			);
			runOnlyForDeploymentPostprocessing = 0;
		};
		AACB797D19D35A7F00B59ABF /* Resources */ = {
			isa = PBXResourcesBuildPhase;
			buildActionMask = 2147483647;
			files = (
				AACB798B19D35A7F00B59ABF /* InfoPlist.strings in Resources */,
			);
			runOnlyForDeploymentPostprocessing = 0;
		};
/* End PBXResourcesBuildPhase section */

/* Begin PBXSourcesBuildPhase section */
		AACB795A19D35A7F00B59ABF /* Sources */ = {
			isa = PBXSourcesBuildPhase;
			buildActionMask = 2147483647;
			files = (
				AACB797819D35A7F00B59ABF /* ViewController.m in Sources */,
				AACB797219D35A7F00B59ABF /* AppDelegate.m in Sources */,
				AACB796E19D35A7F00B59ABF /* main.m in Sources */,
			);
			runOnlyForDeploymentPostprocessing = 0;
		};
		AACB797B19D35A7F00B59ABF /* Sources */ = {
			isa = PBXSourcesBuildPhase;
			buildActionMask = 2147483647;
			files = (
				AACB798D19D35A7F00B59ABF /* Week_4___UI___Terry_VersionTests.m in Sources */,
			);
			runOnlyForDeploymentPostprocessing = 0;
		};
/* End PBXSourcesBuildPhase section */

/* Begin PBXTargetDependency section */
		AACB798519D35A7F00B59ABF /* PBXTargetDependency */ = {
			isa = PBXTargetDependency;
			target = AACB795D19D35A7F00B59ABF /* Week 4 - UI - Terry Version */;
			targetProxy = AACB798419D35A7F00B59ABF /* PBXContainerItemProxy */;
		};
/* End PBXTargetDependency section */

/* Begin PBXVariantGroup section */
		AACB796A19D35A7F00B59ABF /* InfoPlist.strings */ = {
			isa = PBXVariantGroup;
			children = (
				AACB796B19D35A7F00B59ABF /* en */,
			);
			name = InfoPlist.strings;
			sourceTree = "<group>";
		};
		AACB797319D35A7F00B59ABF /* Main.storyboard */ = {
			isa = PBXVariantGroup;
			children = (
				AACB797419D35A7F00B59ABF /* Base */,
			);
			name = Main.storyboard;
			sourceTree = "<group>";
		};
		AACB798919D35A7F00B59ABF /* InfoPlist.strings */ = {
			isa = PBXVariantGroup;
			children = (
				AACB798A19D35A7F00B59ABF /* en */,
			);
			name = InfoPlist.strings;
			sourceTree = "<group>";
		};
/* End PBXVariantGroup section */

/* Begin XCBuildConfiguration section */
		AACB798E19D35A7F00B59ABF /* Debug */ = {
			isa = XCBuildConfiguration;
			buildSettings = {
				ALWAYS_SEARCH_USER_PATHS = NO;
				ARCHS = "$(ARCHS_STANDARD_INCLUDING_64_BIT)";
				CLANG_CXX_LANGUAGE_STANDARD = "gnu++0x";
				CLANG_CXX_LIBRARY = "libc++";
				CLANG_ENABLE_MODULES = YES;
				CLANG_ENABLE_OBJC_ARC = YES;
				CLANG_WARN_BOOL_CONVERSION = YES;
				CLANG_WARN_CONSTANT_CONVERSION = YES;
				CLANG_WARN_DIRECT_OBJC_ISA_USAGE = YES_ERROR;
				CLANG_WARN_EMPTY_BODY = YES;
				CLANG_WARN_ENUM_CONVERSION = YES;
				CLANG_WARN_INT_CONVERSION = YES;
				CLANG_WARN_OBJC_ROOT_CLASS = YES_ERROR;
				CLANG_WARN__DUPLICATE_METHOD_MATCH = YES;
				"CODE_SIGN_IDENTITY[sdk=iphoneos*]" = "iPhone Developer";
				COPY_PHASE_STRIP = NO;
				GCC_C_LANGUAGE_STANDARD = gnu99;
				GCC_DYNAMIC_NO_PIC = NO;
				GCC_OPTIMIZATION_LEVEL = 0;
				GCC_PREPROCESSOR_DEFINITIONS = (
					"DEBUG=1",
					"$(inherited)",
				);
				GCC_SYMBOLS_PRIVATE_EXTERN = NO;
				GCC_WARN_64_TO_32_BIT_CONVERSION = YES;
				GCC_WARN_ABOUT_RETURN_TYPE = YES_ERROR;
				GCC_WARN_UNDECLARED_SELECTOR = YES;
				GCC_WARN_UNINITIALIZED_AUTOS = YES;
				GCC_WARN_UNUSED_FUNCTION = YES;
				GCC_WARN_UNUSED_VARIABLE = YES;
				IPHONEOS_DEPLOYMENT_TARGET = 7.0;
				ONLY_ACTIVE_ARCH = YES;
				SDKROOT = iphoneos;
			};
			name = Debug;
		};
		AACB798F19D35A7F00B59ABF /* Release */ = {
			isa = XCBuildConfiguration;
			buildSettings = {
				ALWAYS_SEARCH_USER_PATHS = NO;
				ARCHS = "$(ARCHS_STANDARD_INCLUDING_64_BIT)";
				CLANG_CXX_LANGUAGE_STANDARD = "gnu++0x";
				CLANG_CXX_LIBRARY = "libc++";
				CLANG_ENABLE_MODULES = YES;
				CLANG_ENABLE_OBJC_ARC = YES;
				CLANG_WARN_BOOL_CONVERSION = YES;
				CLANG_WARN_CONSTANT_CONVERSION = YES;
				CLANG_WARN_DIRECT_OBJC_ISA_USAGE = YES_ERROR;
				CLANG_WARN_EMPTY_BODY = YES;
				CLANG_WARN_ENUM_CONVERSION = YES;
				CLANG_WARN_INT_CONVERSION = YES;
				CLANG_WARN_OBJC_ROOT_CLASS = YES_ERROR;
				CLANG_WARN__DUPLICATE_METHOD_MATCH = YES;
				"CODE_SIGN_IDENTITY[sdk=iphoneos*]" = "iPhone Developer";
				COPY_PHASE_STRIP = YES;
				ENABLE_NS_ASSERTIONS = NO;
				GCC_C_LANGUAGE_STANDARD = gnu99;
				GCC_WARN_64_TO_32_BIT_CONVERSION = YES;
				GCC_WARN_ABOUT_RETURN_TYPE = YES_ERROR;
				GCC_WARN_UNDECLARED_SELECTOR = YES;
				GCC_WARN_UNINITIALIZED_AUTOS = YES;
				GCC_WARN_UNUSED_FUNCTION = YES;
				GCC_WARN_UNUSED_VARIABLE = YES;
				IPHONEOS_DEPLOYMENT_TARGET = 7.0;
				SDKROOT = iphoneos;
				VALIDATE_PRODUCT = YES;
			};
			name = Release;
		};
		AACB799119D35A7F00B59ABF /* Debug */ = {
			isa = XCBuildConfiguration;
			buildSettings = {
				ASSETCATALOG_COMPILER_APPICON_NAME = AppIcon;
				ASSETCATALOG_COMPILER_LAUNCHIMAGE_NAME = LaunchImage;
				GCC_PRECOMPILE_PREFIX_HEADER = YES;
				GCC_PREFIX_HEADER = "Week 4 - UI - Terry Version/Week 4 - UI - Terry Version-Prefix.pch";
				INFOPLIST_FILE = "Week 4 - UI - Terry Version/Week 4 - UI - Terry Version-Info.plist";
				PRODUCT_NAME = "$(TARGET_NAME)";
				WRAPPER_EXTENSION = app;
			};
			name = Debug;
		};
		AACB799219D35A7F00B59ABF /* Release */ = {
			isa = XCBuildConfiguration;
			buildSettings = {
				ASSETCATALOG_COMPILER_APPICON_NAME = AppIcon;
				ASSETCATALOG_COMPILER_LAUNCHIMAGE_NAME = LaunchImage;
				GCC_PRECOMPILE_PREFIX_HEADER = YES;
				GCC_PREFIX_HEADER = "Week 4 - UI - Terry Version/Week 4 - UI - Terry Version-Prefix.pch";
				INFOPLIST_FILE = "Week 4 - UI - Terry Version/Week 4 - UI - Terry Version-Info.plist";
				PRODUCT_NAME = "$(TARGET_NAME)";
				WRAPPER_EXTENSION = app;
			};
			name = Release;
		};
		AACB799419D35A7F00B59ABF /* Debug */ = {
			isa = XCBuildConfiguration;
			buildSettings = {
				ARCHS = "$(ARCHS_STANDARD_INCLUDING_64_BIT)";
				BUNDLE_LOADER = "$(BUILT_PRODUCTS_DIR)/Week 4 - UI - Terry Version.app/Week 4 - UI - Terry Version";
				FRAMEWORK_SEARCH_PATHS = (
					"$(SDKROOT)/Developer/Library/Frameworks",
					"$(inherited)",
					"$(DEVELOPER_FRAMEWORKS_DIR)",
				);
				GCC_PRECOMPILE_PREFIX_HEADER = YES;
				GCC_PREFIX_HEADER = "Week 4 - UI - Terry Version/Week 4 - UI - Terry Version-Prefix.pch";
				GCC_PREPROCESSOR_DEFINITIONS = (
					"DEBUG=1",
					"$(inherited)",
				);
				INFOPLIST_FILE = "Week 4 - UI - Terry VersionTests/Week 4 - UI - Terry VersionTests-Info.plist";
				PRODUCT_NAME = "$(TARGET_NAME)";
				TEST_HOST = "$(BUNDLE_LOADER)";
				WRAPPER_EXTENSION = xctest;
			};
			name = Debug;
		};
		AACB799519D35A7F00B59ABF /* Release */ = {
			isa = XCBuildConfiguration;
			buildSettings = {
				ARCHS = "$(ARCHS_STANDARD_INCLUDING_64_BIT)";
				BUNDLE_LOADER = "$(BUILT_PRODUCTS_DIR)/Week 4 - UI - Terry Version.app/Week 4 - UI - Terry Version";
				FRAMEWORK_SEARCH_PATHS = (
					"$(SDKROOT)/Developer/Library/Frameworks",
					"$(inherited)",
					"$(DEVELOPER_FRAMEWORKS_DIR)",
				);
				GCC_PRECOMPILE_PREFIX_HEADER = YES;
				GCC_PREFIX_HEADER = "Week 4 - UI - Terry Version/Week 4 - UI - Terry Version-Prefix.pch";
				INFOPLIST_FILE = "Week 4 - UI - Terry VersionTests/Week 4 - UI - Terry VersionTests-Info.plist";
				PRODUCT_NAME = "$(TARGET_NAME)";
				TEST_HOST = "$(BUNDLE_LOADER)";
				WRAPPER_EXTENSION = xctest;
			};
			name = Release;
		};
/* End XCBuildConfiguration section */

/* Begin XCConfigurationList section */
		AACB795919D35A7F00B59ABF /* Build configuration list for PBXProject "Week 4 - UI - Terry Version" */ = {
			isa = XCConfigurationList;
			buildConfigurations = (
				AACB798E19D35A7F00B59ABF /* Debug */,
				AACB798F19D35A7F00B59ABF /* Release */,
			);
			defaultConfigurationIsVisible = 0;
			defaultConfigurationName = Release;
		};
		AACB799019D35A7F00B59ABF /* Build configuration list for PBXNativeTarget "Week 4 - UI - Terry Version" */ = {
			isa = XCConfigurationList;
			buildConfigurations = (
				AACB799119D35A7F00B59ABF /* Debug */,
				AACB799219D35A7F00B59ABF /* Release */,
			);
			defaultConfigurationIsVisible = 0;
		};
		AACB799319D35A7F00B59ABF /* Build configuration list for PBXNativeTarget "Week 4 - UI - Terry VersionTests" */ = {
			isa = XCConfigurationList;
			buildConfigurations = (
				AACB799419D35A7F00B59ABF /* Debug */,
				AACB799519D35A7F00B59ABF /* Release */,
			);
			defaultConfigurationIsVisible = 0;
		};
/* End XCConfigurationList section */
	};
	rootObject = AACB795619D35A7F00B59ABF /* Project object */;
}
